
Microsoft Visual Studio Solution File, Format Version 12.00
# Visual Studio 2012
Project("{f2a71f9b-5d33-465a-a702-920d77279786}") = "Gjallarhorn101.iOS", "iOS\Gjallarhorn101.iOS.fsproj", "{A955482E-253D-4C79-A286-66B40526D17D}"
EndProject
Project("{f2a71f9b-5d33-465a-a702-920d77279786}") = "Gjallarhorn101.Droid", "Droid\Gjallarhorn101.Droid.fsproj", "{23A9B0EA-8F2E-45A2-99CC-5B7C3C57F193}"
EndProject
Project("{f2a71f9b-5d33-465a-a702-920d77279786}") = "Gjallarhorn.Core", "Gjallarhorn.Core\Gjallarhorn.Core.fsproj", "{396610C3-5EFF-46F9-8A0A-E8AE516387E3}"
EndProject
Global
	GlobalSection(SolutionConfigurationPlatforms) = preSolution
		Debug|Any CPU = Debug|Any CPU
		Release|Any CPU = Release|Any CPU
		Debug|iPhoneSimulator = Debug|iPhoneSimulator
		Release|iPhone = Release|iPhone
		Release|iPhoneSimulator = Release|iPhoneSimulator
		Debug|iPhone = Debug|iPhone
	EndGlobalSection
	GlobalSection(ProjectConfigurationPlatforms) = postSolution
		{A955482E-253D-4C79-A286-66B40526D17D}.Debug|Any CPU.ActiveCfg = Debug|iPhoneSimulator
		{A955482E-253D-4C79-A286-66B40526D17D}.Debug|Any CPU.Build.0 = Debug|iPhoneSimulator
		{A955482E-253D-4C79-A286-66B40526D17D}.Release|Any CPU.ActiveCfg = Release|iPhone
		{A955482E-253D-4C79-A286-66B40526D17D}.Release|Any CPU.Build.0 = Release|iPhone
		{A955482E-253D-4C79-A286-66B40526D17D}.Debug|iPhoneSimulator.ActiveCfg = Debug|iPhoneSimulator
		{A955482E-253D-4C79-A286-66B40526D17D}.Debug|iPhoneSimulator.Build.0 = Debug|iPhoneSimulator
		{A955482E-253D-4C79-A286-66B40526D17D}.Release|iPhone.ActiveCfg = Release|iPhone
		{A955482E-253D-4C79-A286-66B40526D17D}.Release|iPhone.Build.0 = Release|iPhone
		{A955482E-253D-4C79-A286-66B40526D17D}.Release|iPhoneSimulator.ActiveCfg = Release|iPhoneSimulator
		{A955482E-253D-4C79-A286-66B40526D17D}.Release|iPhoneSimulator.Build.0 = Release|iPhoneSimulator
		{A955482E-253D-4C79-A286-66B40526D17D}.Debug|iPhone.ActiveCfg = Debug|iPhone
		{A955482E-253D-4C79-A286-66B40526D17D}.Debug|iPhone.Build.0 = Debug|iPhone
		{23A9B0EA-8F2E-45A2-99CC-5B7C3C57F193}.Debug|Any CPU.ActiveCfg = Debug|Any CPU
		{23A9B0EA-8F2E-45A2-99CC-5B7C3C57F193}.Debug|Any CPU.Build.0 = Debug|Any CPU
		{23A9B0EA-8F2E-45A2-99CC-5B7C3C57F193}.Release|Any CPU.ActiveCfg = Release|Any CPU
		{23A9B0EA-8F2E-45A2-99CC-5B7C3C57F193}.Release|Any CPU.Build.0 = Release|Any CPU
		{23A9B0EA-8F2E-45A2-99CC-5B7C3C57F193}.Debug|iPhoneSimulator.ActiveCfg = Debug|Any CPU
		{23A9B0EA-8F2E-45A2-99CC-5B7C3C57F193}.Debug|iPhoneSimulator.Build.0 = Debug|Any CPU
		{23A9B0EA-8F2E-45A2-99CC-5B7C3C57F193}.Release|iPhone.ActiveCfg = Release|Any CPU
		{23A9B0EA-8F2E-45A2-99CC-5B7C3C57F193}.Release|iPhone.Build.0 = Release|Any CPU
		{23A9B0EA-8F2E-45A2-99CC-5B7C3C57F193}.Release|iPhoneSimulator.ActiveCfg = Release|Any CPU
		{23A9B0EA-8F2E-45A2-99CC-5B7C3C57F193}.Release|iPhoneSimulator.Build.0 = Release|Any CPU
		{23A9B0EA-8F2E-45A2-99CC-5B7C3C57F193}.Debug|iPhone.ActiveCfg = Debug|Any CPU
		{23A9B0EA-8F2E-45A2-99CC-5B7C3C57F193}.Debug|iPhone.Build.0 = Debug|Any CPU
		{396610C3-5EFF-46F9-8A0A-E8AE516387E3}.Debug|Any CPU.ActiveCfg = Debug|Any CPU
		{396610C3-5EFF-46F9-8A0A-E8AE516387E3}.Debug|Any CPU.Build.0 = Debug|Any CPU
		{396610C3-5EFF-46F9-8A0A-E8AE516387E3}.Release|Any CPU.ActiveCfg = Release|Any CPU
		{396610C3-5EFF-46F9-8A0A-E8AE516387E3}.Release|Any CPU.Build.0 = Release|Any CPU
		{396610C3-5EFF-46F9-8A0A-E8AE516387E3}.Debug|iPhoneSimulator.ActiveCfg = Debug|Any CPU
		{396610C3-5EFF-46F9-8A0A-E8AE516387E3}.Debug|iPhoneSimulator.Build.0 = Debug|Any CPU
		{396610C3-5EFF-46F9-8A0A-E8AE516387E3}.Release|iPhone.ActiveCfg = Release|Any CPU
		{396610C3-5EFF-46F9-8A0A-E8AE516387E3}.Release|iPhone.Build.0 = Release|Any CPU
		{396610C3-5EFF-46F9-8A0A-E8AE516387E3}.Release|iPhoneSimulator.ActiveCfg = Release|Any CPU
		{396610C3-5EFF-46F9-8A0A-E8AE516387E3}.Release|iPhoneSimulator.Build.0 = Release|Any CPU
		{396610C3-5EFF-46F9-8A0A-E8AE516387E3}.Debug|iPhone.ActiveCfg = Debug|Any CPU
		{396610C3-5EFF-46F9-8A0A-E8AE516387E3}.Debug|iPhone.Build.0 = Debug|Any CPU
	EndGlobalSection
EndGlobal
